// !$*UTF8*$!
{
	archiveVersion = 1;
	classes = {
	};
	objectVersion = 50;
	objects = {

/* Begin PBXBuildFile section */
		7E285B78219D437100C4EF7F /* AlertViewController.swift in Sources */ = {isa = PBXBuildFile; fileRef = 7E285B77219D437100C4EF7F /* AlertViewController.swift */; };
		7E2ED44F219D3ADF002BCB93 /* AppDelegate.swift in Sources */ = {isa = PBXBuildFile; fileRef = 7E2ED44E219D3ADF002BCB93 /* AppDelegate.swift */; };
		7E2ED451219D3ADF002BCB93 /* ViewController.swift in Sources */ = {isa = PBXBuildFile; fileRef = 7E2ED450219D3ADF002BCB93 /* ViewController.swift */; };
		7E2ED454219D3ADF002BCB93 /* Main.storyboard in Resources */ = {isa = PBXBuildFile; fileRef = 7E2ED452219D3ADF002BCB93 /* Main.storyboard */; };
		7E2ED456219D3AE0002BCB93 /* Assets.xcassets in Resources */ = {isa = PBXBuildFile; fileRef = 7E2ED455219D3AE0002BCB93 /* Assets.xcassets */; };
		7E2ED459219D3AE0002BCB93 /* LaunchScreen.storyboard in Resources */ = {isa = PBXBuildFile; fileRef = 7E2ED457219D3AE0002BCB93 /* LaunchScreen.storyboard */; };
		7EA90B88219EB58D0021C661 /* AlertInnerViewControllers.swift in Sources */ = {isa = PBXBuildFile; fileRef = 7EA90B87219EB58D0021C661 /* AlertInnerViewControllers.swift */; };
		7EA90B8A219EB6940021C661 /* AlertPopups.swift in Sources */ = {isa = PBXBuildFile; fileRef = 7EA90B89219EB6940021C661 /* AlertPopups.swift */; };
		7EA90B8C219EDF3B0021C661 /* ClosureSleeve.swift in Sources */ = {isa = PBXBuildFile; fileRef = 7EA90B8B219EDF3B0021C661 /* ClosureSleeve.swift */; };
/* End PBXBuildFile section */

/* Begin PBXFileReference section */
		7E285B77219D437100C4EF7F /* AlertViewController.swift */ = {isa = PBXFileReference; lastKnownFileType = sourcecode.swift; path = AlertViewController.swift; sourceTree = "<group>"; };
		7E2ED44B219D3ADE002BCB93 /* AlertPopup.app */ = {isa = PBXFileReference; explicitFileType = wrapper.application; includeInIndex = 0; path = AlertPopup.app; sourceTree = BUILT_PRODUCTS_DIR; };
		7E2ED44E219D3ADF002BCB93 /* AppDelegate.swift */ = {isa = PBXFileReference; lastKnownFileType = sourcecode.swift; path = AppDelegate.swift; sourceTree = "<group>"; };
		7E2ED450219D3ADF002BCB93 /* ViewController.swift */ = {isa = PBXFileReference; lastKnownFileType = sourcecode.swift; path = ViewController.swift; sourceTree = "<group>"; };
		7E2ED453219D3ADF002BCB93 /* Base */ = {isa = PBXFileReference; lastKnownFileType = file.storyboard; name = Base; path = Base.lproj/Main.storyboard; sourceTree = "<group>"; };
		7E2ED455219D3AE0002BCB93 /* Assets.xcassets */ = {isa = PBXFileReference; lastKnownFileType = folder.assetcatalog; path = Assets.xcassets; sourceTree = "<group>"; };
		7E2ED458219D3AE0002BCB93 /* Base */ = {isa = PBXFileReference; lastKnownFileType = file.storyboard; name = Base; path = Base.lproj/LaunchScreen.storyboard; sourceTree = "<group>"; };
		7E2ED45A219D3AE0002BCB93 /* Info.plist */ = {isa = PBXFileReference; lastKnownFileType = text.plist.xml; path = Info.plist; sourceTree = "<group>"; };
		7EA90B87219EB58D0021C661 /* AlertInnerViewControllers.swift */ = {isa = PBXFileReference; lastKnownFileType = sourcecode.swift; path = AlertInnerViewControllers.swift; sourceTree = "<group>"; };
		7EA90B89219EB6940021C661 /* AlertPopups.swift */ = {isa = PBXFileReference; lastKnownFileType = sourcecode.swift; path = AlertPopups.swift; sourceTree = "<group>"; };
		7EA90B8B219EDF3B0021C661 /* ClosureSleeve.swift */ = {isa = PBXFileReference; lastKnownFileType = sourcecode.swift; path = ClosureSleeve.swift; sourceTree = "<group>"; };
/* End PBXFileReference section */

/* Begin PBXFrameworksBuildPhase section */
		7E2ED448219D3ADE002BCB93 /* Frameworks */ = {
			isa = PBXFrameworksBuildPhase;
			buildActionMask = 2147483647;
			files = (
			);
			runOnlyForDeploymentPostprocessing = 0;
		};
/* End PBXFrameworksBuildPhase section */

/* Begin PBXGroup section */
		7E2ED442219D3ADE002BCB93 = {
			isa = PBXGroup;
			children = (
				7E2ED44D219D3ADE002BCB93 /* AlertPopup */,
				7E2ED44C219D3ADE002BCB93 /* Products */,
			);
			sourceTree = "<group>";
		};
		7E2ED44C219D3ADE002BCB93 /* Products */ = {
			isa = PBXGroup;
			children = (
				7E2ED44B219D3ADE002BCB93 /* AlertPopup.app */,
			);
			name = Products;
			sourceTree = "<group>";
		};
		7E2ED44D219D3ADE002BCB93 /* AlertPopup */ = {
			isa = PBXGroup;
			children = (
				7E2ED44E219D3ADF002BCB93 /* AppDelegate.swift */,
				7EA90B87219EB58D0021C661 /* AlertInnerViewControllers.swift */,
				7E285B77219D437100C4EF7F /* AlertViewController.swift */,
				7EA90B89219EB6940021C661 /* AlertPopups.swift */,
				7E2ED450219D3ADF002BCB93 /* ViewController.swift */,
				7E2ED452219D3ADF002BCB93 /* Main.storyboard */,
				7E2ED455219D3AE0002BCB93 /* Assets.xcassets */,
				7E2ED457219D3AE0002BCB93 /* LaunchScreen.storyboard */,
				7E2ED45A219D3AE0002BCB93 /* Info.plist */,
				7EA90B8B219EDF3B0021C661 /* ClosureSleeve.swift */,
			);
			path = AlertPopup;
			sourceTree = "<group>";
		};
/* End PBXGroup section */

/* Begin PBXNativeTarget section */
		7E2ED44A219D3ADE002BCB93 /* AlertPopup */ = {
			isa = PBXNativeTarget;
			buildConfigurationList = 7E2ED45D219D3AE0002BCB93 /* Build configuration list for PBXNativeTarget "AlertPopup" */;
			buildPhases = (
				7E2ED447219D3ADE002BCB93 /* Sources */,
				7E2ED448219D3ADE002BCB93 /* Frameworks */,
				7E2ED449219D3ADE002BCB93 /* Resources */,
			);
			buildRules = (
			);
			dependencies = (
			);
			name = AlertPopup;
			productName = AlertPopup;
			productReference = 7E2ED44B219D3ADE002BCB93 /* AlertPopup.app */;
			productType = "com.apple.product-type.application";
		};
/* End PBXNativeTarget section */

/* Begin PBXProject section */
		7E2ED443219D3ADE002BCB93 /* Project object */ = {
			isa = PBXProject;
			attributes = {
				LastSwiftUpdateCheck = 1010;
				LastUpgradeCheck = 1010;
				ORGANIZATIONNAME = edge;
				TargetAttributes = {
					7E2ED44A219D3ADE002BCB93 = {
						CreatedOnToolsVersion = 10.1;
					};
				};
			};
			buildConfigurationList = 7E2ED446219D3ADE002BCB93 /* Build configuration list for PBXProject "AlertPopup" */;
			compatibilityVersion = "Xcode 9.3";
			developmentRegion = en;
			hasScannedForEncodings = 0;
			knownRegions = (
				en,
				Base,
			);
			mainGroup = 7E2ED442219D3ADE002BCB93;
			productRefGroup = 7E2ED44C219D3ADE002BCB93 /* Products */;
			projectDirPath = "";
			projectRoot = "";
			targets = (
				7E2ED44A219D3ADE002BCB93 /* AlertPopup */,
			);
		};
/* End PBXProject section */

/* Begin PBXResourcesBuildPhase section */
		7E2ED449219D3ADE002BCB93 /* Resources */ = {
			isa = PBXResourcesBuildPhase;
			buildActionMask = 2147483647;
			files = (
				7E2ED459219D3AE0002BCB93 /* LaunchScreen.storyboard in Resources */,
				7E2ED456219D3AE0002BCB93 /* Assets.xcassets in Resources */,
				7E2ED454219D3ADF002BCB93 /* Main.storyboard in Resources */,
			);
			runOnlyForDeploymentPostprocessing = 0;
		};
/* End PBXResourcesBuildPhase section */

/* Begin PBXSourcesBuildPhase section */
		7E2ED447219D3ADE002BCB93 /* Sources */ = {
			isa = PBXSourcesBuildPhase;
			buildActionMask = 2147483647;
			files = (
				7EA90B88219EB58D0021C661 /* AlertInnerViewControllers.swift in Sources */,
				7EA90B8C219EDF3B0021C661 /* ClosureSleeve.swift in Sources */,
				7EA90B8A219EB6940021C661 /* AlertPopups.swift in Sources */,
				7E2ED451219D3ADF002BCB93 /* ViewController.swift in Sources */,
				7E285B78219D437100C4EF7F /* AlertViewController.swift in Sources */,
				7E2ED44F219D3ADF002BCB93 /* AppDelegate.swift in Sources */,
			);
			runOnlyForDeploymentPostprocessing = 0;
		};
/* End PBXSourcesBuildPhase section */

/* Begin PBXVariantGroup section */
		7E2ED452219D3ADF002BCB93 /* Main.storyboard */ = {
			isa = PBXVariantGroup;
			children = (
				7E2ED453219D3ADF002BCB93 /* Base */,
			);
			name = Main.storyboard;
			sourceTree = "<group>";
		};
		7E2ED457219D3AE0002BCB93 /* LaunchScreen.storyboard */ = {
			isa = PBXVariantGroup;
			children = (
				7E2ED458219D3AE0002BCB93 /* Base */,
			);
			name = LaunchScreen.storyboard;
			sourceTree = "<group>";
		};
/* End PBXVariantGroup section */

/* Begin XCBuildConfiguration section */
		7E2ED45B219D3AE0002BCB93 /* Debug */ = {
			isa = XCBuildConfiguration;
			buildSettings = {
				ALWAYS_SEARCH_USER_PATHS = NO;
				CLANG_ANALYZER_NONNULL = YES;
				CLANG_ANALYZER_NUMBER_OBJECT_CONVERSION = YES_AGGRESSIVE;
				CLANG_CXX_LANGUAGE_STANDARD = "gnu++14";
				CLANG_CXX_LIBRARY = "libc++";
				CLANG_ENABLE_MODULES = YES;
				CLANG_ENABLE_OBJC_ARC = YES;
				CLANG_ENABLE_OBJC_WEAK = YES;
				CLANG_WARN_BLOCK_CAPTURE_AUTORELEASING = YES;
				CLANG_WARN_BOOL_CONVERSION = YES;
				CLANG_WARN_COMMA = YES;
				CLANG_WARN_CONSTANT_CONVERSION = YES;
				CLANG_WARN_DEPRECATED_OBJC_IMPLEMENTATIONS = YES;
				CLANG_WARN_DIRECT_OBJC_ISA_USAGE = YES_ERROR;
				CLANG_WARN_DOCUMENTATION_COMMENTS = YES;
				CLANG_WARN_EMPTY_BODY = YES;
				CLANG_WARN_ENUM_CONVERSION = YES;
				CLANG_WARN_INFINITE_RECURSION = YES;
				CLANG_WARN_INT_CONVERSION = YES;
				CLANG_WARN_NON_LITERAL_NULL_CONVERSION = YES;
				CLANG_WARN_OBJC_IMPLICIT_RETAIN_SELF = YES;
				CLANG_WARN_OBJC_LITERAL_CONVERSION = YES;
				CLANG_WARN_OBJC_ROOT_CLASS = YES_ERROR;
				CLANG_WARN_RANGE_LOOP_ANALYSIS = YES;
				CLANG_WARN_STRICT_PROTOTYPES = YES;
				CLANG_WARN_SUSPICIOUS_MOVE = YES;
				CLANG_WARN_UNGUARDED_AVAILABILITY = YES_AGGRESSIVE;
				CLANG_WARN_UNREACHABLE_CODE = YES;
				CLANG_WARN__DUPLICATE_METHOD_MATCH = YES;
				CODE_SIGN_IDENTITY = "iPhone Developer";
				COPY_PHASE_STRIP = NO;
				DEBUG_INFORMATION_FORMAT = dwarf;
				ENABLE_STRICT_OBJC_MSGSEND = YES;
				ENABLE_TESTABILITY = YES;
				GCC_C_LANGUAGE_STANDARD = gnu11;
				GCC_DYNAMIC_NO_PIC = NO;
				GCC_NO_COMMON_BLOCKS = YES;
				GCC_OPTIMIZATION_LEVEL = 0;
				GCC_PREPROCESSOR_DEFINITIONS = (
					"DEBUG=1",
					"$(inherited)",
				);
				GCC_WARN_64_TO_32_BIT_CONVERSION = YES;
				GCC_WARN_ABOUT_RETURN_TYPE = YES_ERROR;
				GCC_WARN_UNDECLARED_SELECTOR = YES;
				GCC_WARN_UNINITIALIZED_AUTOS = YES_AGGRESSIVE;
				GCC_WARN_UNUSED_FUNCTION = YES;
				GCC_WARN_UNUSED_VARIABLE = YES;
				IPHONEOS_DEPLOYMENT_TARGET = 12.1;
				MTL_ENABLE_DEBUG_INFO = INCLUDE_SOURCE;
				MTL_FAST_MATH = YES;
				ONLY_ACTIVE_ARCH = YES;
				SDKROOT = iphoneos;
				SWIFT_ACTIVE_COMPILATION_CONDITIONS = DEBUG;
				SWIFT_OPTIMIZATION_LEVEL = "-Onone";
			};
			name = Debug;
		};
		7E2ED45C219D3AE0002BCB93 /* Release */ = {
			isa = XCBuildConfiguration;
			buildSettings = {
				ALWAYS_SEARCH_USER_PATHS = NO;
				CLANG_ANALYZER_NONNULL = YES;
				CLANG_ANALYZER_NUMBER_OBJECT_CONVERSION = YES_AGGRESSIVE;
				CLANG_CXX_LANGUAGE_STANDARD = "gnu++14";
				CLANG_CXX_LIBRARY = "libc++";
				CLANG_ENABLE_MODULES = YES;
				CLANG_ENABLE_OBJC_ARC = YES;
				CLANG_ENABLE_OBJC_WEAK = YES;
				CLANG_WARN_BLOCK_CAPTURE_AUTORELEASING = YES;
				CLANG_WARN_BOOL_CONVERSION = YES;
				CLANG_WARN_COMMA = YES;
				CLANG_WARN_CONSTANT_CONVERSION = YES;
				CLANG_WARN_DEPRECATED_OBJC_IMPLEMENTATIONS = YES;
				CLANG_WARN_DIRECT_OBJC_ISA_USAGE = YES_ERROR;
				CLANG_WARN_DOCUMENTATION_COMMENTS = YES;
				CLANG_WARN_EMPTY_BODY = YES;
				CLANG_WARN_ENUM_CONVERSION = YES;
				CLANG_WARN_INFINITE_RECURSION = YES;
				CLANG_WARN_INT_CONVERSION = YES;
				CLANG_WARN_NON_LITERAL_NULL_CONVERSION = YES;
				CLANG_WARN_OBJC_IMPLICIT_RETAIN_SELF = YES;
				CLANG_WARN_OBJC_LITERAL_CONVERSION = YES;
				CLANG_WARN_OBJC_ROOT_CLASS = YES_ERROR;
				CLANG_WARN_RANGE_LOOP_ANALYSIS = YES;
				CLANG_WARN_STRICT_PROTOTYPES = YES;
				CLANG_WARN_SUSPICIOUS_MOVE = YES;
				CLANG_WARN_UNGUARDED_AVAILABILITY = YES_AGGRESSIVE;
				CLANG_WARN_UNREACHABLE_CODE = YES;
				CLANG_WARN__DUPLICATE_METHOD_MATCH = YES;
				CODE_SIGN_IDENTITY = "iPhone Developer";
				COPY_PHASE_STRIP = NO;
				DEBUG_INFORMATION_FORMAT = "dwarf-with-dsym";
				ENABLE_NS_ASSERTIONS = NO;
				ENABLE_STRICT_OBJC_MSGSEND = YES;
				GCC_C_LANGUAGE_STANDARD = gnu11;
				GCC_NO_COMMON_BLOCKS = YES;
				GCC_WARN_64_TO_32_BIT_CONVERSION = YES;
				GCC_WARN_ABOUT_RETURN_TYPE = YES_ERROR;
				GCC_WARN_UNDECLARED_SELECTOR = YES;
				GCC_WARN_UNINITIALIZED_AUTOS = YES_AGGRESSIVE;
				GCC_WARN_UNUSED_FUNCTION = YES;
				GCC_WARN_UNUSED_VARIABLE = YES;
				IPHONEOS_DEPLOYMENT_TARGET = 12.1;
				MTL_ENABLE_DEBUG_INFO = NO;
				MTL_FAST_MATH = YES;
				SDKROOT = iphoneos;
				SWIFT_COMPILATION_MODE = wholemodule;
				SWIFT_OPTIMIZATION_LEVEL = "-O";
				VALIDATE_PRODUCT = YES;
			};
			name = Release;
		};
		7E2ED45E219D3AE0002BCB93 /* Debug */ = {
			isa = XCBuildConfiguration;
			buildSettings = {
				ASSETCATALOG_COMPILER_APPICON_NAME = AppIcon;
				CODE_SIGN_STYLE = Automatic;
				DEVELOPMENT_TEAM = TH9VF755BF;
				INFOPLIST_FILE = AlertPopup/Info.plist;
				LD_RUNPATH_SEARCH_PATHS = (
					"$(inherited)",
					"@executable_path/Frameworks",
				);
				PRODUCT_BUNDLE_IDENTIFIER = wotjd.AlertPopup;
				PRODUCT_NAME = "$(TARGET_NAME)";
				SWIFT_VERSION = 4.2;
				TARGETED_DEVICE_FAMILY = "1,2";
			};
			name = Debug;
		};
		7E2ED45F219D3AE0002BCB93 /* Release */ = {
			isa = XCBuildConfiguration;
			buildSettings = {
				ASSETCATALOG_COMPILER_APPICON_NAME = AppIcon;
				CODE_SIGN_STYLE = Automatic;
				DEVELOPMENT_TEAM = TH9VF755BF;
				INFOPLIST_FILE = AlertPopup/Info.plist;
				LD_RUNPATH_SEARCH_PATHS = (
					"$(inherited)",
					"@executable_path/Frameworks",
				);
				PRODUCT_BUNDLE_IDENTIFIER = wotjd.AlertPopup;
				PRODUCT_NAME = "$(TARGET_NAME)";
				SWIFT_VERSION = 4.2;
				TARGETED_DEVICE_FAMILY = "1,2";
			};
			name = Release;
		};
/* End XCBuildConfiguration section */

/* Begin XCConfigurationList section */
		7E2ED446219D3ADE002BCB93 /* Build configuration list for PBXProject "AlertPopup" */ = {
			isa = XCConfigurationList;
			buildConfigurations = (
				7E2ED45B219D3AE0002BCB93 /* Debug */,
				7E2ED45C219D3AE0002BCB93 /* Release */,
			);
			defaultConfigurationIsVisible = 0;
			defaultConfigurationName = Release;
		};
		7E2ED45D219D3AE0002BCB93 /* Build configuration list for PBXNativeTarget "AlertPopup" */ = {
			isa = XCConfigurationList;
			buildConfigurations = (
				7E2ED45E219D3AE0002BCB93 /* Debug */,
				7E2ED45F219D3AE0002BCB93 /* Release */,
			);
			defaultConfigurationIsVisible = 0;
			defaultConfigurationName = Release;
		};
/* End XCConfigurationList section */
	};
	rootObject = 7E2ED443219D3ADE002BCB93 /* Project object */;
}
